
Microsoft Visual Studio Solution File, Format Version 11.00
# Visual Studio 2010
Project("{FAE04EC0-301F-11D3-BF4B-00C04F79EFBC}") = "Flappy-Bird-Code", "Flappy-Bird-Code\Flappy-Bird-Code.csproj", "{9E01D19C-5A79-4D59-9AC6-C7A945615A29}"
EndProject
Global
	GlobalSection(SolutionConfigurationPlatforms) = preSolution
		Debug|Any CPU = Debug|Any CPU
		Release|Any CPU = Release|Any CPU
	EndGlobalSection
	GlobalSection(ProjectConfigurationPlatforms) = postSolution
		{9E01D19C-5A79-4D59-9AC6-C7A945615A29}.Debug|Any CPU.ActiveCfg = Debug|Any CPU
		{9E01D19C-5A79-4D59-9AC6-C7A945615A29}.Debug|Any CPU.Build.0 = Debug|Any CPU
		{9E01D19C-5A79-4D59-9AC6-C7A945615A29}.Release|Any CPU.ActiveCfg = Release|Any CPU
		{9E01D19C-5A79-4D59-9AC6-C7A945615A29}.Release|Any CPU.Build.0 = Release|Any CPU
	EndGlobalSection
	GlobalSection(MonoDevelopProperties) = preSolution
		StartupItem = Flappy-Bird-Code\Flappy-Bird-Code.csproj
	EndGlobalSection
EndGlobal
